../../cellranger/snRNA/PS19_0_hr
../../cellranger/snRNA/PS19_3_hr
../../cellranger/snRNA/WT_0_hr
../../cellranger/snRNA/WT_3_hr
../../cellranger/snRNA/web_summaries/PS19_0_hr_web_summary.html
../../cellranger/snRNA/web_summaries/PS19_3_hr_web_summary.html
../../cellranger/snRNA/web_summaries/WT_0_hr_web_summary.html
../../cellranger/snRNA/web_summaries/WT_3_hr_web_summary.html
../../cellbender/snRNA/PS19_0_hr
../../cellbender/snRNA/PS19_3_hr
../../cellbender/snRNA/WT_0_hr
../../cellbender/snRNA/WT_3_hr
../../cellranger/snRNA/PS19_0_hr
../../cellranger/snRNA/PS19_3_hr
../../cellranger/snRNA/WT_0_hr
../../cellranger/snRNA/WT_3_hr
